{
  "version": 4,
  "terraform_version": "1.13.0",
  "serial": 57,
  "lineage": "228f7edc-0a91-8d1a-cd61-5551521b986f",
  "outputs": {
    "resource_group": {
      "value": "kafkaclust-rg",
      "type": "string"
    },
    "vault_uri": {
      "value": "https://tfvault123.vault.azure.net/",
      "type": "string"
    },
    "vnet_name": {
      "value": "kafkaclust-vnet",
      "type": "string"
    }
  },
  "resources": [
    {
      "mode": "data",
      "type": "azurerm_key_vault",
      "name": "kv",
      "provider": "provider[\"registry.terraform.io/hashicorp/azurerm\"]",
      "instances": [
        {
          "schema_version": 0,
          "attributes": {
            "access_policy": [],
            "enable_rbac_authorization": true,
            "enabled_for_deployment": false,
            "enabled_for_disk_encryption": false,
            "enabled_for_template_deployment": false,
            "id": "/subscriptions/07f9c85a-2fbf-4084-9f60-30ff4c077d9d/resourceGroups/sysroom/providers/Microsoft.KeyVault/vaults/Tfvault123",
            "location": "northeurope",
            "name": "Tfvault123",
            "network_acls": [],
            "public_network_access_enabled": true,
            "purge_protection_enabled": false,
            "resource_group_name": "sysroom",
            "sku_name": "standard",
            "tags": {},
            "tenant_id": "c8b9a245-8215-4d17-8829-28fbfd0f64ca",
            "timeouts": null,
            "vault_uri": "https://tfvault123.vault.azure.net/"
          },
          "sensitive_attributes": [],
          "identity_schema_version": 0
        }
      ]
    },
    {
      "mode": "data",
      "type": "azurerm_key_vault_secret",
      "name": "vm1",
      "provider": "provider[\"registry.terraform.io/hashicorp/azurerm\"]",
      "instances": [
        {
          "schema_version": 0,
          "attributes": {
            "content_type": "",
            "expiration_date": null,
            "id": "https://tfvault123.vault.azure.net/secrets/Kafkavm1/aae9f3e180b742929cbb8045f643ee0a",
            "key_vault_id": "/subscriptions/07f9c85a-2fbf-4084-9f60-30ff4c077d9d/resourceGroups/sysroom/providers/Microsoft.KeyVault/vaults/Tfvault123",
            "name": "Kafkavm1",
            "not_before_date": null,
            "resource_id": "/subscriptions/07f9c85a-2fbf-4084-9f60-30ff4c077d9d/resourceGroups/sysroom/providers/Microsoft.KeyVault/vaults/Tfvault123/secrets/Kafkavm1/versions/aae9f3e180b742929cbb8045f643ee0a",
            "resource_versionless_id": "/subscriptions/07f9c85a-2fbf-4084-9f60-30ff4c077d9d/resourceGroups/sysroom/providers/Microsoft.KeyVault/vaults/Tfvault123/secrets/Kafkavm1",
            "tags": {
              "file-encoding": "utf-8"
            },
            "timeouts": null,
            "value": "PasswordForVM1!",
            "version": "aae9f3e180b742929cbb8045f643ee0a",
            "versionless_id": "https://tfvault123.vault.azure.net/secrets/Kafkavm1"
          },
          "sensitive_attributes": [
            [
              {
                "type": "get_attr",
                "value": "value"
              }
            ]
          ],
          "identity_schema_version": 0
        }
      ]
    },
    {
      "mode": "data",
      "type": "azurerm_key_vault_secret",
      "name": "vm2",
      "provider": "provider[\"registry.terraform.io/hashicorp/azurerm\"]",
      "instances": [
        {
          "schema_version": 0,
          "attributes": {
            "content_type": "",
            "expiration_date": null,
            "id": "https://tfvault123.vault.azure.net/secrets/Kafkavm2/38fd43c47b2f4b6593f5b3413d0f9882",
            "key_vault_id": "/subscriptions/07f9c85a-2fbf-4084-9f60-30ff4c077d9d/resourceGroups/sysroom/providers/Microsoft.KeyVault/vaults/Tfvault123",
            "name": "Kafkavm2",
            "not_before_date": null,
            "resource_id": "/subscriptions/07f9c85a-2fbf-4084-9f60-30ff4c077d9d/resourceGroups/sysroom/providers/Microsoft.KeyVault/vaults/Tfvault123/secrets/Kafkavm2/versions/38fd43c47b2f4b6593f5b3413d0f9882",
            "resource_versionless_id": "/subscriptions/07f9c85a-2fbf-4084-9f60-30ff4c077d9d/resourceGroups/sysroom/providers/Microsoft.KeyVault/vaults/Tfvault123/secrets/Kafkavm2",
            "tags": {
              "file-encoding": "utf-8"
            },
            "timeouts": null,
            "value": "PasswordForVM2!",
            "version": "38fd43c47b2f4b6593f5b3413d0f9882",
            "versionless_id": "https://tfvault123.vault.azure.net/secrets/Kafkavm2"
          },
          "sensitive_attributes": [
            [
              {
                "type": "get_attr",
                "value": "value"
              }
            ]
          ],
          "identity_schema_version": 0
        }
      ]
    },
    {
      "mode": "data",
      "type": "azurerm_key_vault_secret",
      "name": "vm3",
      "provider": "provider[\"registry.terraform.io/hashicorp/azurerm\"]",
      "instances": [
        {
          "schema_version": 0,
          "attributes": {
            "content_type": "",
            "expiration_date": null,
            "id": "https://tfvault123.vault.azure.net/secrets/Kafkavm3/777a103ee8a740bca5ff8c760f5bc5dc",
            "key_vault_id": "/subscriptions/07f9c85a-2fbf-4084-9f60-30ff4c077d9d/resourceGroups/sysroom/providers/Microsoft.KeyVault/vaults/Tfvault123",
            "name": "Kafkavm3",
            "not_before_date": null,
            "resource_id": "/subscriptions/07f9c85a-2fbf-4084-9f60-30ff4c077d9d/resourceGroups/sysroom/providers/Microsoft.KeyVault/vaults/Tfvault123/secrets/Kafkavm3/versions/777a103ee8a740bca5ff8c760f5bc5dc",
            "resource_versionless_id": "/subscriptions/07f9c85a-2fbf-4084-9f60-30ff4c077d9d/resourceGroups/sysroom/providers/Microsoft.KeyVault/vaults/Tfvault123/secrets/Kafkavm3",
            "tags": {
              "file-encoding": "utf-8"
            },
            "timeouts": null,
            "value": "PasswordForVM3!",
            "version": "777a103ee8a740bca5ff8c760f5bc5dc",
            "versionless_id": "https://tfvault123.vault.azure.net/secrets/Kafkavm3"
          },
          "sensitive_attributes": [
            [
              {
                "type": "get_attr",
                "value": "value"
              }
            ]
          ],
          "identity_schema_version": 0
        }
      ]
    },
    {
      "mode": "managed",
      "type": "azurerm_bastion_host",
      "name": "basthost",
      "provider": "provider[\"registry.terraform.io/hashicorp/azurerm\"]",
      "instances": [
        {
          "schema_version": 0,
          "attributes": {
            "copy_paste_enabled": true,
            "dns_name": "bst-7c6c7d03-518a-4798-bf0e-9881f4109c8a.bastion.azure.com",
            "file_copy_enabled": false,
            "id": "/subscriptions/07f9c85a-2fbf-4084-9f60-30ff4c077d9d/resourceGroups/kafkaclust-rg/providers/Microsoft.Network/bastionHosts/kafkabastion",
            "ip_configuration": [
              {
                "name": "configuration",
                "public_ip_address_id": "/subscriptions/07f9c85a-2fbf-4084-9f60-30ff4c077d9d/resourceGroups/kafkaclust-rg/providers/Microsoft.Network/publicIPAddresses/bastpip",
                "subnet_id": "/subscriptions/07f9c85a-2fbf-4084-9f60-30ff4c077d9d/resourceGroups/kafkaclust-rg/providers/Microsoft.Network/virtualNetworks/kafkaclust-vnet/subnets/AzureBastionSubnet"
              }
            ],
            "ip_connect_enabled": false,
            "kerberos_enabled": false,
            "location": "northeurope",
            "name": "kafkabastion",
            "resource_group_name": "kafkaclust-rg",
            "scale_units": 2,
            "session_recording_enabled": false,
            "shareable_link_enabled": false,
            "sku": "Basic",
            "tags": null,
            "timeouts": null,
            "tunneling_enabled": false,
            "virtual_network_id": "",
            "zones": null
          },
          "sensitive_attributes": [],
          "identity_schema_version": 0,
          "identity": {
            "name": "kafkabastion",
            "resource_group_name": "kafkaclust-rg",
            "subscription_id": "07f9c85a-2fbf-4084-9f60-30ff4c077d9d"
          },
          "private": "eyJlMmJmYjczMC1lY2FhLTExZTYtOGY4OC0zNDM2M2JjN2M0YzAiOnsiY3JlYXRlIjoxODAwMDAwMDAwMDAwLCJkZWxldGUiOjE4MDAwMDAwMDAwMDAsInJlYWQiOjMwMDAwMDAwMDAwMCwidXBkYXRlIjoxODAwMDAwMDAwMDAwfX0=",
          "dependencies": [
            "azurerm_public_ip.pip",
            "azurerm_resource_group.rg",
            "azurerm_subnet.bastionsubnet",
            "azurerm_virtual_network.vnet"
          ]
        }
      ]
    },
    {
      "mode": "managed",
      "type": "azurerm_linux_virtual_machine",
      "name": "vms",
      "provider": "provider[\"registry.terraform.io/hashicorp/azurerm\"]",
      "instances": [
        {
          "index_key": "subnet1",
          "schema_version": 0,
          "attributes": {
            "additional_capabilities": [],
            "admin_password": "PasswordForVM1!",
            "admin_ssh_key": [],
            "admin_username": "subnet1buttercup",
            "allow_extension_operations": true,
            "availability_set_id": "",
            "boot_diagnostics": [],
            "bypass_platform_safety_checks_on_user_schedule_enabled": false,
            "capacity_reservation_group_id": "",
            "computer_name": "subnet1-vm",
            "custom_data": null,
            "dedicated_host_group_id": "",
            "dedicated_host_id": "",
            "disable_password_authentication": false,
            "disk_controller_type": "",
            "edge_zone": "",
            "encryption_at_host_enabled": false,
            "eviction_policy": "",
            "extensions_time_budget": "PT1H30M",
            "gallery_application": [],
            "id": "/subscriptions/07f9c85a-2fbf-4084-9f60-30ff4c077d9d/resourceGroups/kafkaclust-rg/providers/Microsoft.Compute/virtualMachines/subnet1-vm",
            "identity": [],
            "license_type": "",
            "location": "northeurope",
            "max_bid_price": -1,
            "name": "subnet1-vm",
            "network_interface_ids": [
              "/subscriptions/07f9c85a-2fbf-4084-9f60-30ff4c077d9d/resourceGroups/kafkaclust-rg/providers/Microsoft.Network/networkInterfaces/subnet1-nic"
            ],
            "os_disk": [
              {
                "caching": "ReadWrite",
                "diff_disk_settings": [],
                "disk_encryption_set_id": "",
                "disk_size_gb": 30,
                "id": "/subscriptions/07f9c85a-2fbf-4084-9f60-30ff4c077d9d/resourceGroups/kafkaclust-rg/providers/Microsoft.Compute/disks/subnet1-vm_OsDisk_1_3ac3214ee57f45ba927c1b7e4d837fed",
                "name": "subnet1-vm_OsDisk_1_3ac3214ee57f45ba927c1b7e4d837fed",
                "secure_vm_disk_encryption_set_id": "",
                "security_encryption_type": "",
                "storage_account_type": "Standard_LRS",
                "write_accelerator_enabled": false
              }
            ],
            "os_image_notification": [],
            "patch_assessment_mode": "ImageDefault",
            "patch_mode": "ImageDefault",
            "plan": [],
            "platform_fault_domain": -1,
            "priority": "Regular",
            "private_ip_address": "10.0.1.4",
            "private_ip_addresses": [
              "10.0.1.4"
            ],
            "provision_vm_agent": true,
            "proximity_placement_group_id": "",
            "public_ip_address": "",
            "public_ip_addresses": [],
            "reboot_setting": "",
            "resource_group_name": "kafkaclust-rg",
            "secret": [],
            "secure_boot_enabled": false,
            "size": "Standard_B4ms",
            "source_image_id": "",
            "source_image_reference": [
              {
                "offer": "0001-com-ubuntu-server-focal",
                "publisher": "Canonical",
                "sku": "20_04-lts",
                "version": "latest"
              }
            ],
            "tags": {},
            "termination_notification": [],
            "timeouts": null,
            "user_data": "",
            "virtual_machine_id": "37feeb13-b049-483d-8a42-0882d910e681",
            "virtual_machine_scale_set_id": "",
            "vm_agent_platform_updates_enabled": false,
            "vtpm_enabled": false,
            "zone": ""
          },
          "sensitive_attributes": [
            [
              {
                "type": "get_attr",
                "value": "admin_password"
              }
            ],
            [
              {
                "type": "get_attr",
                "value": "custom_data"
              }
            ]
          ],
          "identity_schema_version": 0,
          "private": "eyJlMmJmYjczMC1lY2FhLTExZTYtOGY4OC0zNDM2M2JjN2M0YzAiOnsiY3JlYXRlIjoyNzAwMDAwMDAwMDAwLCJkZWxldGUiOjI3MDAwMDAwMDAwMDAsInJlYWQiOjMwMDAwMDAwMDAwMCwidXBkYXRlIjoyNzAwMDAwMDAwMDAwfX0=",
          "dependencies": [
            "azurerm_network_interface.nics",
            "azurerm_resource_group.rg",
            "azurerm_subnet.subnets",
            "data.azurerm_key_vault.kv",
            "data.azurerm_key_vault_secret.vm1",
            "data.azurerm_key_vault_secret.vm2",
            "data.azurerm_key_vault_secret.vm3"
          ]
        },
        {
          "index_key": "subnet2",
          "schema_version": 0,
          "attributes": {
            "additional_capabilities": [],
            "admin_password": "PasswordForVM2!",
            "admin_ssh_key": [],
            "admin_username": "subnet2buttercup",
            "allow_extension_operations": true,
            "availability_set_id": "",
            "boot_diagnostics": [],
            "bypass_platform_safety_checks_on_user_schedule_enabled": false,
            "capacity_reservation_group_id": "",
            "computer_name": "subnet2-vm",
            "custom_data": null,
            "dedicated_host_group_id": "",
            "dedicated_host_id": "",
            "disable_password_authentication": false,
            "disk_controller_type": "",
            "edge_zone": "",
            "encryption_at_host_enabled": false,
            "eviction_policy": "",
            "extensions_time_budget": "PT1H30M",
            "gallery_application": [],
            "id": "/subscriptions/07f9c85a-2fbf-4084-9f60-30ff4c077d9d/resourceGroups/kafkaclust-rg/providers/Microsoft.Compute/virtualMachines/subnet2-vm",
            "identity": [],
            "license_type": "",
            "location": "northeurope",
            "max_bid_price": -1,
            "name": "subnet2-vm",
            "network_interface_ids": [
              "/subscriptions/07f9c85a-2fbf-4084-9f60-30ff4c077d9d/resourceGroups/kafkaclust-rg/providers/Microsoft.Network/networkInterfaces/subnet2-nic"
            ],
            "os_disk": [
              {
                "caching": "ReadWrite",
                "diff_disk_settings": [],
                "disk_encryption_set_id": "",
                "disk_size_gb": 30,
                "id": "/subscriptions/07f9c85a-2fbf-4084-9f60-30ff4c077d9d/resourceGroups/kafkaclust-rg/providers/Microsoft.Compute/disks/subnet2-vm_OsDisk_1_5c0cff0c99604c17b3ea2ce478b85c4c",
                "name": "subnet2-vm_OsDisk_1_5c0cff0c99604c17b3ea2ce478b85c4c",
                "secure_vm_disk_encryption_set_id": "",
                "security_encryption_type": "",
                "storage_account_type": "Standard_LRS",
                "write_accelerator_enabled": false
              }
            ],
            "os_image_notification": [],
            "patch_assessment_mode": "ImageDefault",
            "patch_mode": "ImageDefault",
            "plan": [],
            "platform_fault_domain": -1,
            "priority": "Regular",
            "private_ip_address": "10.0.2.4",
            "private_ip_addresses": [
              "10.0.2.4"
            ],
            "provision_vm_agent": true,
            "proximity_placement_group_id": "",
            "public_ip_address": "",
            "public_ip_addresses": [],
            "reboot_setting": "",
            "resource_group_name": "kafkaclust-rg",
            "secret": [],
            "secure_boot_enabled": false,
            "size": "Standard_B4ms",
            "source_image_id": "",
            "source_image_reference": [
              {
                "offer": "0001-com-ubuntu-server-focal",
                "publisher": "Canonical",
                "sku": "20_04-lts",
                "version": "latest"
              }
            ],
            "tags": {},
            "termination_notification": [],
            "timeouts": null,
            "user_data": "",
            "virtual_machine_id": "a7d2cd74-9572-4e0a-a71c-6cc2e60f2c05",
            "virtual_machine_scale_set_id": "",
            "vm_agent_platform_updates_enabled": false,
            "vtpm_enabled": false,
            "zone": ""
          },
          "sensitive_attributes": [
            [
              {
                "type": "get_attr",
                "value": "admin_password"
              }
            ],
            [
              {
                "type": "get_attr",
                "value": "custom_data"
              }
            ]
          ],
          "identity_schema_version": 0,
          "private": "eyJlMmJmYjczMC1lY2FhLTExZTYtOGY4OC0zNDM2M2JjN2M0YzAiOnsiY3JlYXRlIjoyNzAwMDAwMDAwMDAwLCJkZWxldGUiOjI3MDAwMDAwMDAwMDAsInJlYWQiOjMwMDAwMDAwMDAwMCwidXBkYXRlIjoyNzAwMDAwMDAwMDAwfX0=",
          "dependencies": [
            "azurerm_network_interface.nics",
            "azurerm_resource_group.rg",
            "azurerm_subnet.subnets",
            "data.azurerm_key_vault.kv",
            "data.azurerm_key_vault_secret.vm1",
            "data.azurerm_key_vault_secret.vm2",
            "data.azurerm_key_vault_secret.vm3"
          ]
        },
        {
          "index_key": "subnet3",
          "schema_version": 0,
          "attributes": {
            "additional_capabilities": [],
            "admin_password": "PasswordForVM3!",
            "admin_ssh_key": [],
            "admin_username": "subnet3buttercup",
            "allow_extension_operations": true,
            "availability_set_id": "",
            "boot_diagnostics": [],
            "bypass_platform_safety_checks_on_user_schedule_enabled": false,
            "capacity_reservation_group_id": "",
            "computer_name": "subnet3-vm",
            "custom_data": null,
            "dedicated_host_group_id": "",
            "dedicated_host_id": "",
            "disable_password_authentication": false,
            "disk_controller_type": "",
            "edge_zone": "",
            "encryption_at_host_enabled": false,
            "eviction_policy": "",
            "extensions_time_budget": "PT1H30M",
            "gallery_application": [],
            "id": "/subscriptions/07f9c85a-2fbf-4084-9f60-30ff4c077d9d/resourceGroups/kafkaclust-rg/providers/Microsoft.Compute/virtualMachines/subnet3-vm",
            "identity": [],
            "license_type": "",
            "location": "northeurope",
            "max_bid_price": -1,
            "name": "subnet3-vm",
            "network_interface_ids": [
              "/subscriptions/07f9c85a-2fbf-4084-9f60-30ff4c077d9d/resourceGroups/kafkaclust-rg/providers/Microsoft.Network/networkInterfaces/subnet3-nic"
            ],
            "os_disk": [
              {
                "caching": "ReadWrite",
                "diff_disk_settings": [],
                "disk_encryption_set_id": "",
                "disk_size_gb": 30,
                "id": "/subscriptions/07f9c85a-2fbf-4084-9f60-30ff4c077d9d/resourceGroups/kafkaclust-rg/providers/Microsoft.Compute/disks/subnet3-vm_OsDisk_1_b8e8095068324a74b41476592c736458",
                "name": "subnet3-vm_OsDisk_1_b8e8095068324a74b41476592c736458",
                "secure_vm_disk_encryption_set_id": "",
                "security_encryption_type": "",
                "storage_account_type": "Standard_LRS",
                "write_accelerator_enabled": false
              }
            ],
            "os_image_notification": [],
            "patch_assessment_mode": "ImageDefault",
            "patch_mode": "ImageDefault",
            "plan": [],
            "platform_fault_domain": -1,
            "priority": "Regular",
            "private_ip_address": "10.0.3.4",
            "private_ip_addresses": [
              "10.0.3.4"
            ],
            "provision_vm_agent": true,
            "proximity_placement_group_id": "",
            "public_ip_address": "",
            "public_ip_addresses": [],
            "reboot_setting": "",
            "resource_group_name": "kafkaclust-rg",
            "secret": [],
            "secure_boot_enabled": false,
            "size": "Standard_B4ms",
            "source_image_id": "",
            "source_image_reference": [
              {
                "offer": "0001-com-ubuntu-server-focal",
                "publisher": "Canonical",
                "sku": "20_04-lts",
                "version": "latest"
              }
            ],
            "tags": {},
            "termination_notification": [],
            "timeouts": null,
            "user_data": "",
            "virtual_machine_id": "bdb784cf-50d6-40ab-8b68-480e085ab77a",
            "virtual_machine_scale_set_id": "",
            "vm_agent_platform_updates_enabled": false,
            "vtpm_enabled": false,
            "zone": ""
          },
          "sensitive_attributes": [
            [
              {
                "type": "get_attr",
                "value": "admin_password"
              }
            ],
            [
              {
                "type": "get_attr",
                "value": "custom_data"
              }
            ]
          ],
          "identity_schema_version": 0,
          "private": "eyJlMmJmYjczMC1lY2FhLTExZTYtOGY4OC0zNDM2M2JjN2M0YzAiOnsiY3JlYXRlIjoyNzAwMDAwMDAwMDAwLCJkZWxldGUiOjI3MDAwMDAwMDAwMDAsInJlYWQiOjMwMDAwMDAwMDAwMCwidXBkYXRlIjoyNzAwMDAwMDAwMDAwfX0=",
          "dependencies": [
            "azurerm_network_interface.nics",
            "azurerm_resource_group.rg",
            "azurerm_subnet.subnets",
            "data.azurerm_key_vault.kv",
            "data.azurerm_key_vault_secret.vm1",
            "data.azurerm_key_vault_secret.vm2",
            "data.azurerm_key_vault_secret.vm3"
          ]
        }
      ]
    },
    {
      "mode": "managed",
      "type": "azurerm_nat_gateway",
      "name": "NatGateway",
      "provider": "provider[\"registry.terraform.io/hashicorp/azurerm\"]",
      "instances": [
        {
          "schema_version": 0,
          "attributes": {
            "id": "/subscriptions/07f9c85a-2fbf-4084-9f60-30ff4c077d9d/resourceGroups/kafkaclust-rg/providers/Microsoft.Network/natGateways/kafkaclust-NatGateway",
            "idle_timeout_in_minutes": 4,
            "location": "northeurope",
            "name": "kafkaclust-NatGateway",
            "resource_group_name": "kafkaclust-rg",
            "resource_guid": "470d99dd-6883-4d9a-9891-39fc331665e5",
            "sku_name": "Standard",
            "tags": {},
            "timeouts": null,
            "zones": []
          },
          "sensitive_attributes": [],
          "identity_schema_version": 0,
          "identity": {
            "name": "kafkaclust-NatGateway",
            "resource_group_name": "kafkaclust-rg",
            "subscription_id": "07f9c85a-2fbf-4084-9f60-30ff4c077d9d"
          },
          "private": "eyJlMmJmYjczMC1lY2FhLTExZTYtOGY4OC0zNDM2M2JjN2M0YzAiOnsiY3JlYXRlIjozNjAwMDAwMDAwMDAwLCJkZWxldGUiOjM2MDAwMDAwMDAwMDAsInJlYWQiOjMwMDAwMDAwMDAwMCwidXBkYXRlIjozNjAwMDAwMDAwMDAwfX0=",
          "dependencies": [
            "azurerm_resource_group.rg"
          ]
        }
      ]
    },
    {
      "mode": "managed",
      "type": "azurerm_nat_gateway_public_ip_association",
      "name": "nat_assoc",
      "provider": "provider[\"registry.terraform.io/hashicorp/azurerm\"]",
      "instances": [
        {
          "schema_version": 0,
          "attributes": {
            "id": "/subscriptions/07f9c85a-2fbf-4084-9f60-30ff4c077d9d/resourceGroups/kafkaclust-rg/providers/Microsoft.Network/natGateways/kafkaclust-NatGateway|/subscriptions/07f9c85a-2fbf-4084-9f60-30ff4c077d9d/resourceGroups/kafkaclust-rg/providers/Microsoft.Network/publicIPAddresses/kafkaclust-PIP",
            "nat_gateway_id": "/subscriptions/07f9c85a-2fbf-4084-9f60-30ff4c077d9d/resourceGroups/kafkaclust-rg/providers/Microsoft.Network/natGateways/kafkaclust-NatGateway",
            "public_ip_address_id": "/subscriptions/07f9c85a-2fbf-4084-9f60-30ff4c077d9d/resourceGroups/kafkaclust-rg/providers/Microsoft.Network/publicIPAddresses/kafkaclust-PIP",
            "timeouts": null
          },
          "sensitive_attributes": [],
          "identity_schema_version": 0,
          "private": "eyJlMmJmYjczMC1lY2FhLTExZTYtOGY4OC0zNDM2M2JjN2M0YzAiOnsiY3JlYXRlIjoxODAwMDAwMDAwMDAwLCJkZWxldGUiOjE4MDAwMDAwMDAwMDAsInJlYWQiOjMwMDAwMDAwMDAwMH19",
          "dependencies": [
            "azurerm_nat_gateway.NatGateway",
            "azurerm_public_ip.PIP",
            "azurerm_resource_group.rg"
          ]
        }
      ]
    },
    {
      "mode": "managed",
      "type": "azurerm_network_interface",
      "name": "nics",
      "provider": "provider[\"registry.terraform.io/hashicorp/azurerm\"]",
      "instances": [
        {
          "index_key": "subnet1",
          "schema_version": 0,
          "attributes": {
            "accelerated_networking_enabled": false,
            "applied_dns_servers": [],
            "auxiliary_mode": "",
            "auxiliary_sku": "",
            "dns_servers": [],
            "edge_zone": "",
            "id": "/subscriptions/07f9c85a-2fbf-4084-9f60-30ff4c077d9d/resourceGroups/kafkaclust-rg/providers/Microsoft.Network/networkInterfaces/subnet1-nic",
            "internal_dns_name_label": "",
            "internal_domain_name_suffix": "wxj2d25jbbrurcrxis1cl2vnxb.fx.internal.cloudapp.net",
            "ip_configuration": [
              {
                "gateway_load_balancer_frontend_ip_configuration_id": "",
                "name": "ipconfig1",
                "primary": true,
                "private_ip_address": "10.0.1.4",
                "private_ip_address_allocation": "Dynamic",
                "private_ip_address_version": "IPv4",
                "public_ip_address_id": "",
                "subnet_id": "/subscriptions/07f9c85a-2fbf-4084-9f60-30ff4c077d9d/resourceGroups/kafkaclust-rg/providers/Microsoft.Network/virtualNetworks/kafkaclust-vnet/subnets/subnet1"
              }
            ],
            "ip_forwarding_enabled": false,
            "location": "northeurope",
            "mac_address": "7C-ED-8D-49-CE-EA",
            "name": "subnet1-nic",
            "private_ip_address": "10.0.1.4",
            "private_ip_addresses": [
              "10.0.1.4"
            ],
            "resource_group_name": "kafkaclust-rg",
            "tags": {},
            "timeouts": null,
            "virtual_machine_id": "/subscriptions/07f9c85a-2fbf-4084-9f60-30ff4c077d9d/resourceGroups/kafkaclust-rg/providers/Microsoft.Compute/virtualMachines/subnet1-vm"
          },
          "sensitive_attributes": [],
          "identity_schema_version": 0,
          "identity": {
            "name": "subnet1-nic",
            "resource_group_name": "kafkaclust-rg",
            "subscription_id": "07f9c85a-2fbf-4084-9f60-30ff4c077d9d"
          },
          "private": "eyJlMmJmYjczMC1lY2FhLTExZTYtOGY4OC0zNDM2M2JjN2M0YzAiOnsiY3JlYXRlIjoxODAwMDAwMDAwMDAwLCJkZWxldGUiOjE4MDAwMDAwMDAwMDAsInJlYWQiOjMwMDAwMDAwMDAwMCwidXBkYXRlIjoxODAwMDAwMDAwMDAwfX0=",
          "dependencies": [
            "azurerm_resource_group.rg",
            "azurerm_subnet.subnets"
          ]
        },
        {
          "index_key": "subnet2",
          "schema_version": 0,
          "attributes": {
            "accelerated_networking_enabled": false,
            "applied_dns_servers": [],
            "auxiliary_mode": "",
            "auxiliary_sku": "",
            "dns_servers": [],
            "edge_zone": "",
            "id": "/subscriptions/07f9c85a-2fbf-4084-9f60-30ff4c077d9d/resourceGroups/kafkaclust-rg/providers/Microsoft.Network/networkInterfaces/subnet2-nic",
            "internal_dns_name_label": "",
            "internal_domain_name_suffix": "wxj2d25jbbrurcrxis1cl2vnxb.fx.internal.cloudapp.net",
            "ip_configuration": [
              {
                "gateway_load_balancer_frontend_ip_configuration_id": "",
                "name": "ipconfig1",
                "primary": true,
                "private_ip_address": "10.0.2.4",
                "private_ip_address_allocation": "Dynamic",
                "private_ip_address_version": "IPv4",
                "public_ip_address_id": "",
                "subnet_id": "/subscriptions/07f9c85a-2fbf-4084-9f60-30ff4c077d9d/resourceGroups/kafkaclust-rg/providers/Microsoft.Network/virtualNetworks/kafkaclust-vnet/subnets/subnet2"
              }
            ],
            "ip_forwarding_enabled": false,
            "location": "northeurope",
            "mac_address": "7C-ED-8D-42-11-C1",
            "name": "subnet2-nic",
            "private_ip_address": "10.0.2.4",
            "private_ip_addresses": [
              "10.0.2.4"
            ],
            "resource_group_name": "kafkaclust-rg",
            "tags": {},
            "timeouts": null,
            "virtual_machine_id": "/subscriptions/07f9c85a-2fbf-4084-9f60-30ff4c077d9d/resourceGroups/kafkaclust-rg/providers/Microsoft.Compute/virtualMachines/subnet2-vm"
          },
          "sensitive_attributes": [],
          "identity_schema_version": 0,
          "identity": {
            "name": "subnet2-nic",
            "resource_group_name": "kafkaclust-rg",
            "subscription_id": "07f9c85a-2fbf-4084-9f60-30ff4c077d9d"
          },
          "private": "eyJlMmJmYjczMC1lY2FhLTExZTYtOGY4OC0zNDM2M2JjN2M0YzAiOnsiY3JlYXRlIjoxODAwMDAwMDAwMDAwLCJkZWxldGUiOjE4MDAwMDAwMDAwMDAsInJlYWQiOjMwMDAwMDAwMDAwMCwidXBkYXRlIjoxODAwMDAwMDAwMDAwfX0=",
          "dependencies": [
            "azurerm_resource_group.rg",
            "azurerm_subnet.subnets"
          ]
        },
        {
          "index_key": "subnet3",
          "schema_version": 0,
          "attributes": {
            "accelerated_networking_enabled": false,
            "applied_dns_servers": [],
            "auxiliary_mode": "",
            "auxiliary_sku": "",
            "dns_servers": [],
            "edge_zone": "",
            "id": "/subscriptions/07f9c85a-2fbf-4084-9f60-30ff4c077d9d/resourceGroups/kafkaclust-rg/providers/Microsoft.Network/networkInterfaces/subnet3-nic",
            "internal_dns_name_label": "",
            "internal_domain_name_suffix": "wxj2d25jbbrurcrxis1cl2vnxb.fx.internal.cloudapp.net",
            "ip_configuration": [
              {
                "gateway_load_balancer_frontend_ip_configuration_id": "",
                "name": "ipconfig1",
                "primary": true,
                "private_ip_address": "10.0.3.4",
                "private_ip_address_allocation": "Dynamic",
                "private_ip_address_version": "IPv4",
                "public_ip_address_id": "",
                "subnet_id": "/subscriptions/07f9c85a-2fbf-4084-9f60-30ff4c077d9d/resourceGroups/kafkaclust-rg/providers/Microsoft.Network/virtualNetworks/kafkaclust-vnet/subnets/subnet3"
              }
            ],
            "ip_forwarding_enabled": false,
            "location": "northeurope",
            "mac_address": "7C-ED-8D-40-3B-64",
            "name": "subnet3-nic",
            "private_ip_address": "10.0.3.4",
            "private_ip_addresses": [
              "10.0.3.4"
            ],
            "resource_group_name": "kafkaclust-rg",
            "tags": {},
            "timeouts": null,
            "virtual_machine_id": "/subscriptions/07f9c85a-2fbf-4084-9f60-30ff4c077d9d/resourceGroups/kafkaclust-rg/providers/Microsoft.Compute/virtualMachines/subnet3-vm"
          },
          "sensitive_attributes": [],
          "identity_schema_version": 0,
          "identity": {
            "name": "subnet3-nic",
            "resource_group_name": "kafkaclust-rg",
            "subscription_id": "07f9c85a-2fbf-4084-9f60-30ff4c077d9d"
          },
          "private": "eyJlMmJmYjczMC1lY2FhLTExZTYtOGY4OC0zNDM2M2JjN2M0YzAiOnsiY3JlYXRlIjoxODAwMDAwMDAwMDAwLCJkZWxldGUiOjE4MDAwMDAwMDAwMDAsInJlYWQiOjMwMDAwMDAwMDAwMCwidXBkYXRlIjoxODAwMDAwMDAwMDAwfX0=",
          "dependencies": [
            "azurerm_resource_group.rg",
            "azurerm_subnet.subnets"
          ]
        }
      ]
    },
    {
      "mode": "managed",
      "type": "azurerm_public_ip",
      "name": "PIP",
      "provider": "provider[\"registry.terraform.io/hashicorp/azurerm\"]",
      "instances": [
        {
          "schema_version": 0,
          "attributes": {
            "allocation_method": "Static",
            "ddos_protection_mode": "VirtualNetworkInherited",
            "ddos_protection_plan_id": null,
            "domain_name_label": null,
            "domain_name_label_scope": null,
            "edge_zone": "",
            "fqdn": null,
            "id": "/subscriptions/07f9c85a-2fbf-4084-9f60-30ff4c077d9d/resourceGroups/kafkaclust-rg/providers/Microsoft.Network/publicIPAddresses/kafkaclust-PIP",
            "idle_timeout_in_minutes": 4,
            "ip_address": "4.245.192.254",
            "ip_tags": {},
            "ip_version": "IPv4",
            "location": "northeurope",
            "name": "kafkaclust-PIP",
            "public_ip_prefix_id": null,
            "resource_group_name": "kafkaclust-rg",
            "reverse_fqdn": null,
            "sku": "Standard",
            "sku_tier": "Regional",
            "tags": {},
            "timeouts": null,
            "zones": []
          },
          "sensitive_attributes": [],
          "identity_schema_version": 0,
          "private": "eyJlMmJmYjczMC1lY2FhLTExZTYtOGY4OC0zNDM2M2JjN2M0YzAiOnsiY3JlYXRlIjoxODAwMDAwMDAwMDAwLCJkZWxldGUiOjE4MDAwMDAwMDAwMDAsInJlYWQiOjMwMDAwMDAwMDAwMCwidXBkYXRlIjoxODAwMDAwMDAwMDAwfX0=",
          "dependencies": [
            "azurerm_resource_group.rg"
          ]
        }
      ]
    },
    {
      "mode": "managed",
      "type": "azurerm_public_ip",
      "name": "pip",
      "provider": "provider[\"registry.terraform.io/hashicorp/azurerm\"]",
      "instances": [
        {
          "schema_version": 0,
          "attributes": {
            "allocation_method": "Static",
            "ddos_protection_mode": "VirtualNetworkInherited",
            "ddos_protection_plan_id": null,
            "domain_name_label": null,
            "domain_name_label_scope": null,
            "edge_zone": "",
            "fqdn": null,
            "id": "/subscriptions/07f9c85a-2fbf-4084-9f60-30ff4c077d9d/resourceGroups/kafkaclust-rg/providers/Microsoft.Network/publicIPAddresses/bastpip",
            "idle_timeout_in_minutes": 4,
            "ip_address": "128.251.76.114",
            "ip_tags": {},
            "ip_version": "IPv4",
            "location": "northeurope",
            "name": "bastpip",
            "public_ip_prefix_id": null,
            "resource_group_name": "kafkaclust-rg",
            "reverse_fqdn": null,
            "sku": "Standard",
            "sku_tier": "Regional",
            "tags": {},
            "timeouts": null,
            "zones": []
          },
          "sensitive_attributes": [],
          "identity_schema_version": 0,
          "private": "eyJlMmJmYjczMC1lY2FhLTExZTYtOGY4OC0zNDM2M2JjN2M0YzAiOnsiY3JlYXRlIjoxODAwMDAwMDAwMDAwLCJkZWxldGUiOjE4MDAwMDAwMDAwMDAsInJlYWQiOjMwMDAwMDAwMDAwMCwidXBkYXRlIjoxODAwMDAwMDAwMDAwfX0=",
          "dependencies": [
            "azurerm_resource_group.rg"
          ]
        }
      ]
    },
    {
      "mode": "managed",
      "type": "azurerm_resource_group",
      "name": "rg",
      "provider": "provider[\"registry.terraform.io/hashicorp/azurerm\"]",
      "instances": [
        {
          "schema_version": 0,
          "attributes": {
            "id": "/subscriptions/07f9c85a-2fbf-4084-9f60-30ff4c077d9d/resourceGroups/kafkaclust-rg",
            "location": "northeurope",
            "managed_by": "",
            "name": "kafkaclust-rg",
            "tags": {},
            "timeouts": null
          },
          "sensitive_attributes": [],
          "identity_schema_version": 0,
          "private": "eyJlMmJmYjczMC1lY2FhLTExZTYtOGY4OC0zNDM2M2JjN2M0YzAiOnsiY3JlYXRlIjo1NDAwMDAwMDAwMDAwLCJkZWxldGUiOjU0MDAwMDAwMDAwMDAsInJlYWQiOjMwMDAwMDAwMDAwMCwidXBkYXRlIjo1NDAwMDAwMDAwMDAwfX0="
        }
      ]
    },
    {
      "mode": "managed",
      "type": "azurerm_subnet",
      "name": "bastionsubnet",
      "provider": "provider[\"registry.terraform.io/hashicorp/azurerm\"]",
      "instances": [
        {
          "schema_version": 0,
          "attributes": {
            "address_prefixes": [
              "10.0.4.96/27"
            ],
            "default_outbound_access_enabled": true,
            "delegation": [],
            "id": "/subscriptions/07f9c85a-2fbf-4084-9f60-30ff4c077d9d/resourceGroups/kafkaclust-rg/providers/Microsoft.Network/virtualNetworks/kafkaclust-vnet/subnets/AzureBastionSubnet",
            "ip_address_pool": [],
            "name": "AzureBastionSubnet",
            "private_endpoint_network_policies": "Disabled",
            "private_link_service_network_policies_enabled": true,
            "resource_group_name": "kafkaclust-rg",
            "service_endpoint_policy_ids": null,
            "service_endpoints": null,
            "timeouts": null,
            "virtual_network_name": "kafkaclust-vnet"
          },
          "sensitive_attributes": [],
          "identity_schema_version": 0,
          "identity": {
            "name": "AzureBastionSubnet",
            "resource_group_name": "kafkaclust-rg",
            "subscription_id": "07f9c85a-2fbf-4084-9f60-30ff4c077d9d",
            "virtual_network_name": "kafkaclust-vnet"
          },
          "private": "eyJlMmJmYjczMC1lY2FhLTExZTYtOGY4OC0zNDM2M2JjN2M0YzAiOnsiY3JlYXRlIjoxODAwMDAwMDAwMDAwLCJkZWxldGUiOjE4MDAwMDAwMDAwMDAsInJlYWQiOjMwMDAwMDAwMDAwMCwidXBkYXRlIjoxODAwMDAwMDAwMDAwfX0=",
          "dependencies": [
            "azurerm_resource_group.rg",
            "azurerm_virtual_network.vnet"
          ]
        }
      ]
    },
    {
      "mode": "managed",
      "type": "azurerm_subnet",
      "name": "subnets",
      "provider": "provider[\"registry.terraform.io/hashicorp/azurerm\"]",
      "instances": [
        {
          "index_key": "subnet1",
          "schema_version": 0,
          "attributes": {
            "address_prefixes": [
              "10.0.1.0/24"
            ],
            "default_outbound_access_enabled": true,
            "delegation": [],
            "id": "/subscriptions/07f9c85a-2fbf-4084-9f60-30ff4c077d9d/resourceGroups/kafkaclust-rg/providers/Microsoft.Network/virtualNetworks/kafkaclust-vnet/subnets/subnet1",
            "ip_address_pool": [],
            "name": "subnet1",
            "private_endpoint_network_policies": "Disabled",
            "private_link_service_network_policies_enabled": true,
            "resource_group_name": "kafkaclust-rg",
            "service_endpoint_policy_ids": [],
            "service_endpoints": [],
            "timeouts": null,
            "virtual_network_name": "kafkaclust-vnet"
          },
          "sensitive_attributes": [],
          "identity_schema_version": 0,
          "identity": {
            "name": "subnet1",
            "resource_group_name": "kafkaclust-rg",
            "subscription_id": "07f9c85a-2fbf-4084-9f60-30ff4c077d9d",
            "virtual_network_name": "kafkaclust-vnet"
          },
          "private": "eyJlMmJmYjczMC1lY2FhLTExZTYtOGY4OC0zNDM2M2JjN2M0YzAiOnsiY3JlYXRlIjoxODAwMDAwMDAwMDAwLCJkZWxldGUiOjE4MDAwMDAwMDAwMDAsInJlYWQiOjMwMDAwMDAwMDAwMCwidXBkYXRlIjoxODAwMDAwMDAwMDAwfX0=",
          "dependencies": [
            "azurerm_resource_group.rg"
          ]
        },
        {
          "index_key": "subnet2",
          "schema_version": 0,
          "attributes": {
            "address_prefixes": [
              "10.0.2.0/24"
            ],
            "default_outbound_access_enabled": true,
            "delegation": [],
            "id": "/subscriptions/07f9c85a-2fbf-4084-9f60-30ff4c077d9d/resourceGroups/kafkaclust-rg/providers/Microsoft.Network/virtualNetworks/kafkaclust-vnet/subnets/subnet2",
            "ip_address_pool": [],
            "name": "subnet2",
            "private_endpoint_network_policies": "Disabled",
            "private_link_service_network_policies_enabled": true,
            "resource_group_name": "kafkaclust-rg",
            "service_endpoint_policy_ids": [],
            "service_endpoints": [],
            "timeouts": null,
            "virtual_network_name": "kafkaclust-vnet"
          },
          "sensitive_attributes": [],
          "identity_schema_version": 0,
          "identity": {
            "name": "subnet2",
            "resource_group_name": "kafkaclust-rg",
            "subscription_id": "07f9c85a-2fbf-4084-9f60-30ff4c077d9d",
            "virtual_network_name": "kafkaclust-vnet"
          },
          "private": "eyJlMmJmYjczMC1lY2FhLTExZTYtOGY4OC0zNDM2M2JjN2M0YzAiOnsiY3JlYXRlIjoxODAwMDAwMDAwMDAwLCJkZWxldGUiOjE4MDAwMDAwMDAwMDAsInJlYWQiOjMwMDAwMDAwMDAwMCwidXBkYXRlIjoxODAwMDAwMDAwMDAwfX0=",
          "dependencies": [
            "azurerm_resource_group.rg"
          ]
        },
        {
          "index_key": "subnet3",
          "schema_version": 0,
          "attributes": {
            "address_prefixes": [
              "10.0.3.0/24"
            ],
            "default_outbound_access_enabled": true,
            "delegation": [],
            "id": "/subscriptions/07f9c85a-2fbf-4084-9f60-30ff4c077d9d/resourceGroups/kafkaclust-rg/providers/Microsoft.Network/virtualNetworks/kafkaclust-vnet/subnets/subnet3",
            "ip_address_pool": [],
            "name": "subnet3",
            "private_endpoint_network_policies": "Disabled",
            "private_link_service_network_policies_enabled": true,
            "resource_group_name": "kafkaclust-rg",
            "service_endpoint_policy_ids": [],
            "service_endpoints": [],
            "timeouts": null,
            "virtual_network_name": "kafkaclust-vnet"
          },
          "sensitive_attributes": [],
          "identity_schema_version": 0,
          "identity": {
            "name": "subnet3",
            "resource_group_name": "kafkaclust-rg",
            "subscription_id": "07f9c85a-2fbf-4084-9f60-30ff4c077d9d",
            "virtual_network_name": "kafkaclust-vnet"
          },
          "private": "eyJlMmJmYjczMC1lY2FhLTExZTYtOGY4OC0zNDM2M2JjN2M0YzAiOnsiY3JlYXRlIjoxODAwMDAwMDAwMDAwLCJkZWxldGUiOjE4MDAwMDAwMDAwMDAsInJlYWQiOjMwMDAwMDAwMDAwMCwidXBkYXRlIjoxODAwMDAwMDAwMDAwfX0=",
          "dependencies": [
            "azurerm_resource_group.rg"
          ]
        }
      ]
    },
    {
      "mode": "managed",
      "type": "azurerm_subnet_nat_gateway_association",
      "name": "subnet_natgateway_assoc",
      "provider": "provider[\"registry.terraform.io/hashicorp/azurerm\"]",
      "instances": [
        {
          "index_key": "subnet1",
          "schema_version": 0,
          "attributes": {
            "id": "/subscriptions/07f9c85a-2fbf-4084-9f60-30ff4c077d9d/resourceGroups/kafkaclust-rg/providers/Microsoft.Network/virtualNetworks/kafkaclust-vnet/subnets/subnet1",
            "nat_gateway_id": "/subscriptions/07f9c85a-2fbf-4084-9f60-30ff4c077d9d/resourceGroups/kafkaclust-rg/providers/Microsoft.Network/natGateways/kafkaclust-NatGateway",
            "subnet_id": "/subscriptions/07f9c85a-2fbf-4084-9f60-30ff4c077d9d/resourceGroups/kafkaclust-rg/providers/Microsoft.Network/virtualNetworks/kafkaclust-vnet/subnets/subnet1",
            "timeouts": null
          },
          "sensitive_attributes": [],
          "identity_schema_version": 0,
          "private": "eyJlMmJmYjczMC1lY2FhLTExZTYtOGY4OC0zNDM2M2JjN2M0YzAiOnsiY3JlYXRlIjoxODAwMDAwMDAwMDAwLCJkZWxldGUiOjE4MDAwMDAwMDAwMDAsInJlYWQiOjMwMDAwMDAwMDAwMH19",
          "dependencies": [
            "azurerm_nat_gateway.NatGateway",
            "azurerm_resource_group.rg",
            "azurerm_subnet.subnets"
          ]
        },
        {
          "index_key": "subnet2",
          "schema_version": 0,
          "attributes": {
            "id": "/subscriptions/07f9c85a-2fbf-4084-9f60-30ff4c077d9d/resourceGroups/kafkaclust-rg/providers/Microsoft.Network/virtualNetworks/kafkaclust-vnet/subnets/subnet2",
            "nat_gateway_id": "/subscriptions/07f9c85a-2fbf-4084-9f60-30ff4c077d9d/resourceGroups/kafkaclust-rg/providers/Microsoft.Network/natGateways/kafkaclust-NatGateway",
            "subnet_id": "/subscriptions/07f9c85a-2fbf-4084-9f60-30ff4c077d9d/resourceGroups/kafkaclust-rg/providers/Microsoft.Network/virtualNetworks/kafkaclust-vnet/subnets/subnet2",
            "timeouts": null
          },
          "sensitive_attributes": [],
          "identity_schema_version": 0,
          "private": "eyJlMmJmYjczMC1lY2FhLTExZTYtOGY4OC0zNDM2M2JjN2M0YzAiOnsiY3JlYXRlIjoxODAwMDAwMDAwMDAwLCJkZWxldGUiOjE4MDAwMDAwMDAwMDAsInJlYWQiOjMwMDAwMDAwMDAwMH19",
          "dependencies": [
            "azurerm_nat_gateway.NatGateway",
            "azurerm_resource_group.rg",
            "azurerm_subnet.subnets"
          ]
        },
        {
          "index_key": "subnet3",
          "schema_version": 0,
          "attributes": {
            "id": "/subscriptions/07f9c85a-2fbf-4084-9f60-30ff4c077d9d/resourceGroups/kafkaclust-rg/providers/Microsoft.Network/virtualNetworks/kafkaclust-vnet/subnets/subnet3",
            "nat_gateway_id": "/subscriptions/07f9c85a-2fbf-4084-9f60-30ff4c077d9d/resourceGroups/kafkaclust-rg/providers/Microsoft.Network/natGateways/kafkaclust-NatGateway",
            "subnet_id": "/subscriptions/07f9c85a-2fbf-4084-9f60-30ff4c077d9d/resourceGroups/kafkaclust-rg/providers/Microsoft.Network/virtualNetworks/kafkaclust-vnet/subnets/subnet3",
            "timeouts": null
          },
          "sensitive_attributes": [],
          "identity_schema_version": 0,
          "private": "eyJlMmJmYjczMC1lY2FhLTExZTYtOGY4OC0zNDM2M2JjN2M0YzAiOnsiY3JlYXRlIjoxODAwMDAwMDAwMDAwLCJkZWxldGUiOjE4MDAwMDAwMDAwMDAsInJlYWQiOjMwMDAwMDAwMDAwMH19",
          "dependencies": [
            "azurerm_nat_gateway.NatGateway",
            "azurerm_resource_group.rg",
            "azurerm_subnet.subnets"
          ]
        }
      ]
    },
    {
      "mode": "managed",
      "type": "azurerm_virtual_network",
      "name": "vnet",
      "provider": "provider[\"registry.terraform.io/hashicorp/azurerm\"]",
      "instances": [
        {
          "schema_version": 0,
          "attributes": {
            "address_space": [
              "10.0.0.0/16"
            ],
            "bgp_community": "",
            "ddos_protection_plan": [],
            "dns_servers": [],
            "edge_zone": "",
            "encryption": [],
            "flow_timeout_in_minutes": 0,
            "guid": "f3c1d3b5-08e9-4863-8a37-44b625f2adb9",
            "id": "/subscriptions/07f9c85a-2fbf-4084-9f60-30ff4c077d9d/resourceGroups/kafkaclust-rg/providers/Microsoft.Network/virtualNetworks/kafkaclust-vnet",
            "ip_address_pool": [],
            "location": "northeurope",
            "name": "kafkaclust-vnet",
            "private_endpoint_vnet_policies": "Disabled",
            "resource_group_name": "kafkaclust-rg",
            "subnet": [
              {
                "address_prefixes": [
                  "10.0.1.0/24"
                ],
                "default_outbound_access_enabled": true,
                "delegation": [],
                "id": "/subscriptions/07f9c85a-2fbf-4084-9f60-30ff4c077d9d/resourceGroups/kafkaclust-rg/providers/Microsoft.Network/virtualNetworks/kafkaclust-vnet/subnets/subnet1",
                "name": "subnet1",
                "private_endpoint_network_policies": "Disabled",
                "private_link_service_network_policies_enabled": true,
                "route_table_id": "",
                "security_group": "/subscriptions/07f9c85a-2fbf-4084-9f60-30ff4c077d9d/resourceGroups/kafkaclust-rg/providers/Microsoft.Network/networkSecurityGroups/subnet1-nic-nsg",
                "service_endpoint_policy_ids": [],
                "service_endpoints": []
              },
              {
                "address_prefixes": [
                  "10.0.2.0/24"
                ],
                "default_outbound_access_enabled": true,
                "delegation": [],
                "id": "/subscriptions/07f9c85a-2fbf-4084-9f60-30ff4c077d9d/resourceGroups/kafkaclust-rg/providers/Microsoft.Network/virtualNetworks/kafkaclust-vnet/subnets/subnet2",
                "name": "subnet2",
                "private_endpoint_network_policies": "Disabled",
                "private_link_service_network_policies_enabled": true,
                "route_table_id": "",
                "security_group": "/subscriptions/07f9c85a-2fbf-4084-9f60-30ff4c077d9d/resourceGroups/kafkaclust-rg/providers/Microsoft.Network/networkSecurityGroups/subnet2-nic-nsg",
                "service_endpoint_policy_ids": [],
                "service_endpoints": []
              },
              {
                "address_prefixes": [
                  "10.0.3.0/24"
                ],
                "default_outbound_access_enabled": true,
                "delegation": [],
                "id": "/subscriptions/07f9c85a-2fbf-4084-9f60-30ff4c077d9d/resourceGroups/kafkaclust-rg/providers/Microsoft.Network/virtualNetworks/kafkaclust-vnet/subnets/subnet3",
                "name": "subnet3",
                "private_endpoint_network_policies": "Disabled",
                "private_link_service_network_policies_enabled": true,
                "route_table_id": "",
                "security_group": "/subscriptions/07f9c85a-2fbf-4084-9f60-30ff4c077d9d/resourceGroups/kafkaclust-rg/providers/Microsoft.Network/networkSecurityGroups/subnet3-nic-nsg",
                "service_endpoint_policy_ids": [],
                "service_endpoints": []
              }
            ],
            "tags": {},
            "timeouts": null
          },
          "sensitive_attributes": [],
          "identity_schema_version": 0,
          "identity": {
            "name": "kafkaclust-vnet",
            "resource_group_name": "kafkaclust-rg",
            "subscription_id": "07f9c85a-2fbf-4084-9f60-30ff4c077d9d"
          },
          "private": "eyJlMmJmYjczMC1lY2FhLTExZTYtOGY4OC0zNDM2M2JjN2M0YzAiOnsiY3JlYXRlIjoxODAwMDAwMDAwMDAwLCJkZWxldGUiOjE4MDAwMDAwMDAwMDAsInJlYWQiOjMwMDAwMDAwMDAwMCwidXBkYXRlIjoxODAwMDAwMDAwMDAwfX0=",
          "dependencies": [
            "azurerm_resource_group.rg"
          ]
        }
      ]
    }
  ],
  "check_results": null
}
